<?xml version="1.0" encoding="utf-8"?>
<Project ToolsVersion="4.0" xmlns="http://schemas.microsoft.com/developer/msbuild/2003">
  <ItemGroup>
    <ClCompile Include="..\includes\cpp\src\Camera.cpp">
      <Filter>IncludeFilter</Filter>
    </ClCompile>
    <ClCompile Include="..\includes\cpp\src\Compass.cpp">
      <Filter>IncludeFilter</Filter>
    </ClCompile>
    <ClCompile Include="..\includes\cpp\src\Connector.cpp">
      <Filter>IncludeFilter</Filter>
    </ClCompile>
    <ClCompile Include="..\includes\cpp\src\Device.cpp">
      <Filter>IncludeFilter</Filter>
    </ClCompile>
    <ClCompile Include="..\includes\cpp\src\DifferentialWheels.cpp">
      <Filter>IncludeFilter</Filter>
    </ClCompile>
    <ClCompile Include="..\includes\cpp\src\Display.cpp">
      <Filter>IncludeFilter</Filter>
    </ClCompile>
    <ClCompile Include="..\includes\cpp\src\DistanceSensor.cpp">
      <Filter>IncludeFilter</Filter>
    </ClCompile>
    <ClCompile Include="..\includes\cpp\src\Emitter.cpp">
      <Filter>IncludeFilter</Filter>
    </ClCompile>
    <ClCompile Include="..\includes\cpp\src\Field.cpp">
      <Filter>IncludeFilter</Filter>
    </ClCompile>
    <ClCompile Include="..\includes\cpp\src\GPS.cpp">
      <Filter>IncludeFilter</Filter>
    </ClCompile>
    <ClCompile Include="..\includes\cpp\src\Gyro.cpp">
      <Filter>IncludeFilter</Filter>
    </ClCompile>
    <ClCompile Include="..\includes\cpp\src\InertialUnit.cpp">
      <Filter>IncludeFilter</Filter>
    </ClCompile>
    <ClCompile Include="..\includes\cpp\src\Joystick.cpp">
      <Filter>IncludeFilter</Filter>
    </ClCompile>
    <ClCompile Include="..\includes\cpp\src\Keyboard.cpp">
      <Filter>IncludeFilter</Filter>
    </ClCompile>
    <ClCompile Include="..\includes\cpp\src\LED.cpp">
      <Filter>IncludeFilter</Filter>
    </ClCompile>
    <ClCompile Include="..\includes\cpp\src\Lidar.cpp">
      <Filter>IncludeFilter</Filter>
    </ClCompile>
    <ClCompile Include="..\includes\cpp\src\LightSensor.cpp">
      <Filter>IncludeFilter</Filter>
    </ClCompile>
    <ClCompile Include="..\includes\cpp\src\Motion.cpp">
      <Filter>IncludeFilter</Filter>
    </ClCompile>
    <ClCompile Include="..\includes\cpp\src\Mouse.cpp">
      <Filter>IncludeFilter</Filter>
    </ClCompile>
    <ClCompile Include="..\includes\cpp\src\Node.cpp">
      <Filter>IncludeFilter</Filter>
    </ClCompile>
    <ClCompile Include="..\includes\cpp\src\Pen.cpp">
      <Filter>IncludeFilter</Filter>
    </ClCompile>
    <ClCompile Include="..\includes\cpp\src\PositionSensor.cpp">
      <Filter>IncludeFilter</Filter>
    </ClCompile>
    <ClCompile Include="..\includes\cpp\src\Radar.cpp">
      <Filter>IncludeFilter</Filter>
    </ClCompile>
    <ClCompile Include="..\includes\cpp\src\RangeFinder.cpp">
      <Filter>IncludeFilter</Filter>
    </ClCompile>
    <ClCompile Include="..\includes\cpp\src\Receiver.cpp">
      <Filter>IncludeFilter</Filter>
    </ClCompile>
    <ClCompile Include="..\includes\cpp\src\Robot.cpp">
      <Filter>IncludeFilter</Filter>
    </ClCompile>
    <ClCompile Include="..\includes\cpp\src\Skin.cpp">
      <Filter>IncludeFilter</Filter>
    </ClCompile>
    <ClCompile Include="..\includes\cpp\src\Speaker.cpp">
      <Filter>IncludeFilter</Filter>
    </ClCompile>
    <ClCompile Include="..\includes\cpp\src\Supervisor.cpp">
      <Filter>IncludeFilter</Filter>
    </ClCompile>
    <ClCompile Include="..\includes\cpp\src\TouchSensor.cpp">
      <Filter>IncludeFilter</Filter>
    </ClCompile>
    <ClCompile Include="Main_Controller.cpp" />
    <ClCompile Include="src\P3AT_MotorController.cpp">
      <Filter>src</Filter>
    </ClCompile>
    <ClCompile Include="src\P3AT_Motors.cpp">
      <Filter>src</Filter>
    </ClCompile>
    <ClCompile Include="src\P3AT_RoadmapController.cpp">
      <Filter>src</Filter>
    </ClCompile>
    <ClCompile Include="src\P3AT_CommandHandler.cpp">
      <Filter>src</Filter>
    </ClCompile>
    <ClCompile Include="src\P3AT_NavigationStrategist.cpp">
      <Filter>src</Filter>
    </ClCompile>
    <ClCompile Include="src\Log.cpp">
      <Filter>src</Filter>
    </ClCompile>
    <ClCompile Include="src\P3AT_Bumper.cpp">
      <Filter>src</Filter>
    </ClCompile>
    <ClCompile Include="src\P3AT_SensorController.cpp">
      <Filter>src</Filter>
    </ClCompile>
    <ClCompile Include="src\P3AT_Ultrasound.cpp">
      <Filter>src</Filter>
    </ClCompile>
    <ClCompile Include="src\stdafx.cpp">
      <Filter>src</Filter>
    </ClCompile>
    <ClCompile Include="..\includes\cpp\src\Accelerometer.cpp">
      <Filter>IncludeFilter</Filter>
    </ClCompile>
    <ClCompile Include="..\includes\cpp\src\Motor.cpp">
      <Filter>IncludeFilter</Filter>
    </ClCompile>
  </ItemGroup>
  <ItemGroup>
    <Filter Include="IncludeFilter">
      <UniqueIdentifier>{1e3504da-6f2f-4836-a5e0-ba5110fd09e0}</UniqueIdentifier>
    </Filter>
    <Filter Include="src">
      <UniqueIdentifier>{9b5b846d-cb6f-4b33-bb92-f366c5749e01}</UniqueIdentifier>
    </Filter>
  </ItemGroup>
  <ItemGroup>
    <ClInclude Include="src\Abstract_RoadmapController.h">
      <Filter>src</Filter>
    </ClInclude>
    <ClInclude Include="src\Abstract_CommandHandler.h">
      <Filter>src</Filter>
    </ClInclude>
    <ClInclude Include="src\Abstract_MotorController.h">
      <Filter>src</Filter>
    </ClInclude>
    <ClInclude Include="src\Abstract_Motors.h">
      <Filter>src</Filter>
    </ClInclude>
    <ClInclude Include="src\Abstract_NavigationStrategist.h">
      <Filter>src</Filter>
    </ClInclude>
    <ClInclude Include="src\Command.h">
      <Filter>src</Filter>
    </ClInclude>
    <ClInclude Include="src\P3AT_MotorController.h">
      <Filter>src</Filter>
    </ClInclude>
    <ClInclude Include="src\P3AT_Motors.h">
      <Filter>src</Filter>
    </ClInclude>
    <ClInclude Include="src\P3AT_RoadmapController.h">
      <Filter>src</Filter>
    </ClInclude>
    <ClInclude Include="src\WayPoint.h">
      <Filter>src</Filter>
    </ClInclude>
    <ClInclude Include="src\P3AT_CommandHandler.h">
      <Filter>src</Filter>
    </ClInclude>
    <ClInclude Include="src\P3AT_NavigationStrategist.h">
      <Filter>src</Filter>
    </ClInclude>
    <ClInclude Include="src\Log.h">
      <Filter>src</Filter>
    </ClInclude>
    <ClInclude Include="src\Abstract_SensorController.h">
      <Filter>src</Filter>
    </ClInclude>
    <ClInclude Include="src\P3AT_SensorController.h">
      <Filter>src</Filter>
    </ClInclude>
    <ClInclude Include="src\P3AT_Ultrasound.h">
      <Filter>src</Filter>
    </ClInclude>
    <ClInclude Include="src\P3AT_Bumper.h">
      <Filter>src</Filter>
    </ClInclude>
    <ClInclude Include="src\stdafx.h">
      <Filter>src</Filter>
    </ClInclude>
  </ItemGroup>
</Project>